<?xml version="1.0" encoding="UTF-8" standalone="yes" ?>
<CodeBlocks_project_file>
	<FileVersion major="1" minor="6" />
	<Project>
		<Option title="Tetris" />
		<Option pch_mode="2" />
		<Option compiler="gcc" />
		<Build>
			<Target title="Debug">
				<Option output="bin/Debug/Tetris" prefix_auto="1" extension_auto="1" />
				<Option object_output="obj/Debug/" />
				<Option type="1" />
				<Option compiler="gcc" />
				<Compiler>
					<Add option="-g" />
				</Compiler>
			</Target>
			<Target title="Release">
				<Option output="bin/Release/Tetris" prefix_auto="1" extension_auto="1" />
				<Option object_output="obj/Release/" />
				<Option type="1" />
				<Option compiler="gcc" />
				<Compiler>
					<Add option="-O2" />
				</Compiler>
				<Linker>
					<Add option="-s" />
				</Linker>
			</Target>
		</Build>
		<Compiler>
			<Add option="-Wall" />
			<Add option="-fexceptions" />
		</Compiler>
		<Unit filename="Tetris/src/Block.cpp" />
		<Unit filename="Tetris/src/Block.h" />
		<Unit filename="Tetris/src/Drawable.cpp" />
		<Unit filename="Tetris/src/Drawable.h" />
		<Unit filename="Tetris/src/GLUT_Plotter.cpp" />
		<Unit filename="Tetris/src/GLUT_Plotter.h" />
		<Unit filename="Tetris/src/PlayingField.cpp" />
		<Unit filename="Tetris/src/PlayingField.h" />
		<Unit filename="Tetris/src/Shape.cpp" />
		<Unit filename="Tetris/src/Shape.h" />
		<Unit filename="Tetris/src/Tetris.cpp" />
		<Unit filename="Tetris/src/Tetris.h" />
		<Unit filename="Tetris/src/Tetromino.cpp" />
		<Unit filename="Tetris/src/Tetromino.h" />
		<Unit filename="Tetris/src/drawkit.h" />
		<Unit filename="Tetris/src/main.cpp" />
		<Unit filename="Tetris/src/myVector.h" />
		<Extensions>
			<code_completion />
			<envvars />
			<debugger />
			<lib_finder disable_auto="1" />
		</Extensions>
	</Project>
</CodeBlocks_project_file>
